// !$*UTF8*$!
{
	archiveVersion = 1;
	classes = {
	};
	objectVersion = 50;
	objects = {

/* Begin PBXBuildFile section */
		4922737224CB3ED700288A7C /* Constants.swift in Sources */ = {isa = PBXBuildFile; fileRef = 4922737124CB3ED700288A7C /* Constants.swift */; };
		495121AB24E00713008FC3C2 /* EditPositionViewController.swift in Sources */ = {isa = PBXBuildFile; fileRef = 495121AA24E00713008FC3C2 /* EditPositionViewController.swift */; };
		495121AE24E1AEF3008FC3C2 /* ObserversToPositions.swift in Sources */ = {isa = PBXBuildFile; fileRef = 495121AD24E1AEF3008FC3C2 /* ObserversToPositions.swift */; };
		495121B024E1B03C008FC3C2 /* Alert.swift in Sources */ = {isa = PBXBuildFile; fileRef = 495121AF24E1B03C008FC3C2 /* Alert.swift */; };
		495435A824CCA8B100D28032 /* AddPositionViewController.swift in Sources */ = {isa = PBXBuildFile; fileRef = 495435A724CCA8B100D28032 /* AddPositionViewController.swift */; };
		495435AD24D49B4000D28032 /* PositionDetails.swift in Sources */ = {isa = PBXBuildFile; fileRef = 495435AC24D49B4000D28032 /* PositionDetails.swift */; };
		495AAF9524C4DE2F008FECFC /* AppDelegate.swift in Sources */ = {isa = PBXBuildFile; fileRef = 495AAF9424C4DE2F008FECFC /* AppDelegate.swift */; };
		495AAF9724C4DE2F008FECFC /* SceneDelegate.swift in Sources */ = {isa = PBXBuildFile; fileRef = 495AAF9624C4DE2F008FECFC /* SceneDelegate.swift */; };
		495AAF9C24C4DE2F008FECFC /* Main.storyboard in Resources */ = {isa = PBXBuildFile; fileRef = 495AAF9A24C4DE2F008FECFC /* Main.storyboard */; };
		495AAF9F24C4DE2F008FECFC /* Scheduler.xcdatamodeld in Sources */ = {isa = PBXBuildFile; fileRef = 495AAF9D24C4DE2F008FECFC /* Scheduler.xcdatamodeld */; };
		495AAFA124C4DE33008FECFC /* Assets.xcassets in Resources */ = {isa = PBXBuildFile; fileRef = 495AAFA024C4DE33008FECFC /* Assets.xcassets */; };
		495AAFA424C4DE33008FECFC /* LaunchScreen.storyboard in Resources */ = {isa = PBXBuildFile; fileRef = 495AAFA224C4DE33008FECFC /* LaunchScreen.storyboard */; };
		499B93CE24C5FC620061AD9D /* Position.swift in Sources */ = {isa = PBXBuildFile; fileRef = 499B93CD24C5FC620061AD9D /* Position.swift */; };
		499B93D024C600280061AD9D /* PositionsCollectionViewController.swift in Sources */ = {isa = PBXBuildFile; fileRef = 499B93CF24C600280061AD9D /* PositionsCollectionViewController.swift */; };
		499B93D224C602E00061AD9D /* PositionsCollectionViewCell.swift in Sources */ = {isa = PBXBuildFile; fileRef = 499B93D124C602E00061AD9D /* PositionsCollectionViewCell.swift */; };
		499B93D424C6103D0061AD9D /* UIKitExtensions.swift in Sources */ = {isa = PBXBuildFile; fileRef = 499B93D324C6103D0061AD9D /* UIKitExtensions.swift */; };
/* End PBXBuildFile section */

/* Begin PBXFileReference section */
		4922737124CB3ED700288A7C /* Constants.swift */ = {isa = PBXFileReference; lastKnownFileType = sourcecode.swift; path = Constants.swift; sourceTree = "<group>"; };
		495121AA24E00713008FC3C2 /* EditPositionViewController.swift */ = {isa = PBXFileReference; lastKnownFileType = sourcecode.swift; path = EditPositionViewController.swift; sourceTree = "<group>"; };
		495121AD24E1AEF3008FC3C2 /* ObserversToPositions.swift */ = {isa = PBXFileReference; lastKnownFileType = sourcecode.swift; path = ObserversToPositions.swift; sourceTree = "<group>"; };
		495121AF24E1B03C008FC3C2 /* Alert.swift */ = {isa = PBXFileReference; lastKnownFileType = sourcecode.swift; path = Alert.swift; sourceTree = "<group>"; };
		495435A724CCA8B100D28032 /* AddPositionViewController.swift */ = {isa = PBXFileReference; lastKnownFileType = sourcecode.swift; path = AddPositionViewController.swift; sourceTree = "<group>"; };
		495435AC24D49B4000D28032 /* PositionDetails.swift */ = {isa = PBXFileReference; lastKnownFileType = sourcecode.swift; path = PositionDetails.swift; sourceTree = "<group>"; };
		495AAF9124C4DE2F008FECFC /* Scheduler.app */ = {isa = PBXFileReference; explicitFileType = wrapper.application; includeInIndex = 0; path = Scheduler.app; sourceTree = BUILT_PRODUCTS_DIR; };
		495AAF9424C4DE2F008FECFC /* AppDelegate.swift */ = {isa = PBXFileReference; lastKnownFileType = sourcecode.swift; path = AppDelegate.swift; sourceTree = "<group>"; };
		495AAF9624C4DE2F008FECFC /* SceneDelegate.swift */ = {isa = PBXFileReference; lastKnownFileType = sourcecode.swift; path = SceneDelegate.swift; sourceTree = "<group>"; };
		495AAF9B24C4DE2F008FECFC /* Base */ = {isa = PBXFileReference; lastKnownFileType = file.storyboard; name = Base; path = Base.lproj/Main.storyboard; sourceTree = "<group>"; };
		495AAF9E24C4DE2F008FECFC /* Scheduler.xcdatamodel */ = {isa = PBXFileReference; lastKnownFileType = wrapper.xcdatamodel; path = Scheduler.xcdatamodel; sourceTree = "<group>"; };
		495AAFA024C4DE33008FECFC /* Assets.xcassets */ = {isa = PBXFileReference; lastKnownFileType = folder.assetcatalog; path = Assets.xcassets; sourceTree = "<group>"; };
		495AAFA324C4DE33008FECFC /* Base */ = {isa = PBXFileReference; lastKnownFileType = file.storyboard; name = Base; path = Base.lproj/LaunchScreen.storyboard; sourceTree = "<group>"; };
		495AAFA524C4DE33008FECFC /* Info.plist */ = {isa = PBXFileReference; lastKnownFileType = text.plist.xml; path = Info.plist; sourceTree = "<group>"; };
		499B93CD24C5FC620061AD9D /* Position.swift */ = {isa = PBXFileReference; lastKnownFileType = sourcecode.swift; path = Position.swift; sourceTree = "<group>"; };
		499B93CF24C600280061AD9D /* PositionsCollectionViewController.swift */ = {isa = PBXFileReference; lastKnownFileType = sourcecode.swift; path = PositionsCollectionViewController.swift; sourceTree = "<group>"; };
		499B93D124C602E00061AD9D /* PositionsCollectionViewCell.swift */ = {isa = PBXFileReference; lastKnownFileType = sourcecode.swift; path = PositionsCollectionViewCell.swift; sourceTree = "<group>"; };
		499B93D324C6103D0061AD9D /* UIKitExtensions.swift */ = {isa = PBXFileReference; lastKnownFileType = sourcecode.swift; path = UIKitExtensions.swift; sourceTree = "<group>"; };
/* End PBXFileReference section */

/* Begin PBXFrameworksBuildPhase section */
		495AAF8E24C4DE2F008FECFC /* Frameworks */ = {
			isa = PBXFrameworksBuildPhase;
			buildActionMask = 2147483647;
			files = (
			);
			runOnlyForDeploymentPostprocessing = 0;
		};
/* End PBXFrameworksBuildPhase section */

/* Begin PBXGroup section */
		495121AC24E1AEB3008FC3C2 /* PositionsControllers */ = {
			isa = PBXGroup;
			children = (
				499B93CF24C600280061AD9D /* PositionsCollectionViewController.swift */,
				499B93D124C602E00061AD9D /* PositionsCollectionViewCell.swift */,
				495435A724CCA8B100D28032 /* AddPositionViewController.swift */,
				495121AA24E00713008FC3C2 /* EditPositionViewController.swift */,
				495435AC24D49B4000D28032 /* PositionDetails.swift */,
				495121AD24E1AEF3008FC3C2 /* ObserversToPositions.swift */,
			);
			path = PositionsControllers;
			sourceTree = "<group>";
		};
		495AAF8824C4DE2F008FECFC = {
			isa = PBXGroup;
			children = (
				495AAF9324C4DE2F008FECFC /* Scheduler */,
				495AAF9224C4DE2F008FECFC /* Products */,
			);
			sourceTree = "<group>";
		};
		495AAF9224C4DE2F008FECFC /* Products */ = {
			isa = PBXGroup;
			children = (
				495AAF9124C4DE2F008FECFC /* Scheduler.app */,
			);
			name = Products;
			sourceTree = "<group>";
		};
		495AAF9324C4DE2F008FECFC /* Scheduler */ = {
			isa = PBXGroup;
			children = (
				495AAFAB24C4E19B008FECFC /* Extensions */,
				495AAFAC24C4E1B6008FECFC /* Model */,
				495AAFAD24C4E1BE008FECFC /* View */,
				495AAFAE24C4E1CB008FECFC /* Controller */,
				495AAF9624C4DE2F008FECFC /* SceneDelegate.swift */,
				495AAF9424C4DE2F008FECFC /* AppDelegate.swift */,
				495AAFA024C4DE33008FECFC /* Assets.xcassets */,
				495AAFA524C4DE33008FECFC /* Info.plist */,
				495AAF9D24C4DE2F008FECFC /* Scheduler.xcdatamodeld */,
			);
			path = Scheduler;
			sourceTree = "<group>";
		};
		495AAFAB24C4E19B008FECFC /* Extensions */ = {
			isa = PBXGroup;
			children = (
				499B93D324C6103D0061AD9D /* UIKitExtensions.swift */,
				4922737124CB3ED700288A7C /* Constants.swift */,
				495121AF24E1B03C008FC3C2 /* Alert.swift */,
			);
			path = Extensions;
			sourceTree = "<group>";
		};
		495AAFAC24C4E1B6008FECFC /* Model */ = {
			isa = PBXGroup;
			children = (
				499B93CD24C5FC620061AD9D /* Position.swift */,
			);
			path = Model;
			sourceTree = "<group>";
		};
		495AAFAD24C4E1BE008FECFC /* View */ = {
			isa = PBXGroup;
			children = (
				495AAF9A24C4DE2F008FECFC /* Main.storyboard */,
				495AAFA224C4DE33008FECFC /* LaunchScreen.storyboard */,
			);
			path = View;
			sourceTree = "<group>";
		};
		495AAFAE24C4E1CB008FECFC /* Controller */ = {
			isa = PBXGroup;
			children = (
				495121AC24E1AEB3008FC3C2 /* PositionsControllers */,
			);
			path = Controller;
			sourceTree = "<group>";
		};
/* End PBXGroup section */

/* Begin PBXNativeTarget section */
		495AAF9024C4DE2F008FECFC /* Scheduler */ = {
			isa = PBXNativeTarget;
			buildConfigurationList = 495AAFA824C4DE33008FECFC /* Build configuration list for PBXNativeTarget "Scheduler" */;
			buildPhases = (
				495AAF8D24C4DE2F008FECFC /* Sources */,
				495AAF8E24C4DE2F008FECFC /* Frameworks */,
				495AAF8F24C4DE2F008FECFC /* Resources */,
			);
			buildRules = (
			);
			dependencies = (
			);
			name = Scheduler;
			productName = Scheduler;
			productReference = 495AAF9124C4DE2F008FECFC /* Scheduler.app */;
			productType = "com.apple.product-type.application";
		};
/* End PBXNativeTarget section */

/* Begin PBXProject section */
		495AAF8924C4DE2F008FECFC /* Project object */ = {
			isa = PBXProject;
			attributes = {
				LastSwiftUpdateCheck = 1150;
				LastUpgradeCheck = 1150;
				ORGANIZATIONNAME = PekackaPrzygodzki;
				TargetAttributes = {
					495AAF9024C4DE2F008FECFC = {
						CreatedOnToolsVersion = 11.5;
					};
				};
			};
			buildConfigurationList = 495AAF8C24C4DE2F008FECFC /* Build configuration list for PBXProject "Scheduler" */;
			compatibilityVersion = "Xcode 9.3";
			developmentRegion = en;
			hasScannedForEncodings = 0;
			knownRegions = (
				en,
				Base,
			);
			mainGroup = 495AAF8824C4DE2F008FECFC;
			productRefGroup = 495AAF9224C4DE2F008FECFC /* Products */;
			projectDirPath = "";
			projectRoot = "";
			targets = (
				495AAF9024C4DE2F008FECFC /* Scheduler */,
			);
		};
/* End PBXProject section */

/* Begin PBXResourcesBuildPhase section */
		495AAF8F24C4DE2F008FECFC /* Resources */ = {
			isa = PBXResourcesBuildPhase;
			buildActionMask = 2147483647;
			files = (
				495AAFA424C4DE33008FECFC /* LaunchScreen.storyboard in Resources */,
				495AAFA124C4DE33008FECFC /* Assets.xcassets in Resources */,
				495AAF9C24C4DE2F008FECFC /* Main.storyboard in Resources */,
			);
			runOnlyForDeploymentPostprocessing = 0;
		};
/* End PBXResourcesBuildPhase section */

/* Begin PBXSourcesBuildPhase section */
		495AAF8D24C4DE2F008FECFC /* Sources */ = {
			isa = PBXSourcesBuildPhase;
			buildActionMask = 2147483647;
			files = (
				495AAF9F24C4DE2F008FECFC /* Scheduler.xcdatamodeld in Sources */,
				495AAF9524C4DE2F008FECFC /* AppDelegate.swift in Sources */,
				499B93CE24C5FC620061AD9D /* Position.swift in Sources */,
				495AAF9724C4DE2F008FECFC /* SceneDelegate.swift in Sources */,
				499B93D024C600280061AD9D /* PositionsCollectionViewController.swift in Sources */,
				495121B024E1B03C008FC3C2 /* Alert.swift in Sources */,
				499B93D424C6103D0061AD9D /* UIKitExtensions.swift in Sources */,
				4922737224CB3ED700288A7C /* Constants.swift in Sources */,
				495435AD24D49B4000D28032 /* PositionDetails.swift in Sources */,
				499B93D224C602E00061AD9D /* PositionsCollectionViewCell.swift in Sources */,
				495121AB24E00713008FC3C2 /* EditPositionViewController.swift in Sources */,
				495435A824CCA8B100D28032 /* AddPositionViewController.swift in Sources */,
				495121AE24E1AEF3008FC3C2 /* ObserversToPositions.swift in Sources */,
			);
			runOnlyForDeploymentPostprocessing = 0;
		};
/* End PBXSourcesBuildPhase section */

/* Begin PBXVariantGroup section */
		495AAF9A24C4DE2F008FECFC /* Main.storyboard */ = {
			isa = PBXVariantGroup;
			children = (
				495AAF9B24C4DE2F008FECFC /* Base */,
			);
			name = Main.storyboard;
			sourceTree = "<group>";
		};
		495AAFA224C4DE33008FECFC /* LaunchScreen.storyboard */ = {
			isa = PBXVariantGroup;
			children = (
				495AAFA324C4DE33008FECFC /* Base */,
			);
			name = LaunchScreen.storyboard;
			sourceTree = "<group>";
		};
/* End PBXVariantGroup section */

/* Begin XCBuildConfiguration section */
		495AAFA624C4DE33008FECFC /* Debug */ = {
			isa = XCBuildConfiguration;
			buildSettings = {
				ALWAYS_SEARCH_USER_PATHS = NO;
				CLANG_ANALYZER_NONNULL = YES;
				CLANG_ANALYZER_NUMBER_OBJECT_CONVERSION = YES_AGGRESSIVE;
				CLANG_CXX_LANGUAGE_STANDARD = "gnu++14";
				CLANG_CXX_LIBRARY = "libc++";
				CLANG_ENABLE_MODULES = YES;
				CLANG_ENABLE_OBJC_ARC = YES;
				CLANG_ENABLE_OBJC_WEAK = YES;
				CLANG_WARN_BLOCK_CAPTURE_AUTORELEASING = YES;
				CLANG_WARN_BOOL_CONVERSION = YES;
				CLANG_WARN_COMMA = YES;
				CLANG_WARN_CONSTANT_CONVERSION = YES;
				CLANG_WARN_DEPRECATED_OBJC_IMPLEMENTATIONS = YES;
				CLANG_WARN_DIRECT_OBJC_ISA_USAGE = YES_ERROR;
				CLANG_WARN_DOCUMENTATION_COMMENTS = YES;
				CLANG_WARN_EMPTY_BODY = YES;
				CLANG_WARN_ENUM_CONVERSION = YES;
				CLANG_WARN_INFINITE_RECURSION = YES;
				CLANG_WARN_INT_CONVERSION = YES;
				CLANG_WARN_NON_LITERAL_NULL_CONVERSION = YES;
				CLANG_WARN_OBJC_IMPLICIT_RETAIN_SELF = YES;
				CLANG_WARN_OBJC_LITERAL_CONVERSION = YES;
				CLANG_WARN_OBJC_ROOT_CLASS = YES_ERROR;
				CLANG_WARN_RANGE_LOOP_ANALYSIS = YES;
				CLANG_WARN_STRICT_PROTOTYPES = YES;
				CLANG_WARN_SUSPICIOUS_MOVE = YES;
				CLANG_WARN_UNGUARDED_AVAILABILITY = YES_AGGRESSIVE;
				CLANG_WARN_UNREACHABLE_CODE = YES;
				CLANG_WARN__DUPLICATE_METHOD_MATCH = YES;
				COPY_PHASE_STRIP = NO;
				DEBUG_INFORMATION_FORMAT = dwarf;
				ENABLE_STRICT_OBJC_MSGSEND = YES;
				ENABLE_TESTABILITY = YES;
				GCC_C_LANGUAGE_STANDARD = gnu11;
				GCC_DYNAMIC_NO_PIC = NO;
				GCC_NO_COMMON_BLOCKS = YES;
				GCC_OPTIMIZATION_LEVEL = 0;
				GCC_PREPROCESSOR_DEFINITIONS = (
					"DEBUG=1",
					"$(inherited)",
				);
				GCC_WARN_64_TO_32_BIT_CONVERSION = YES;
				GCC_WARN_ABOUT_RETURN_TYPE = YES_ERROR;
				GCC_WARN_UNDECLARED_SELECTOR = YES;
				GCC_WARN_UNINITIALIZED_AUTOS = YES_AGGRESSIVE;
				GCC_WARN_UNUSED_FUNCTION = YES;
				GCC_WARN_UNUSED_VARIABLE = YES;
				IPHONEOS_DEPLOYMENT_TARGET = 13.5;
				MTL_ENABLE_DEBUG_INFO = INCLUDE_SOURCE;
				MTL_FAST_MATH = YES;
				ONLY_ACTIVE_ARCH = YES;
				SDKROOT = iphoneos;
				SWIFT_ACTIVE_COMPILATION_CONDITIONS = DEBUG;
				SWIFT_OPTIMIZATION_LEVEL = "-Onone";
			};
			name = Debug;
		};
		495AAFA724C4DE33008FECFC /* Release */ = {
			isa = XCBuildConfiguration;
			buildSettings = {
				ALWAYS_SEARCH_USER_PATHS = NO;
				CLANG_ANALYZER_NONNULL = YES;
				CLANG_ANALYZER_NUMBER_OBJECT_CONVERSION = YES_AGGRESSIVE;
				CLANG_CXX_LANGUAGE_STANDARD = "gnu++14";
				CLANG_CXX_LIBRARY = "libc++";
				CLANG_ENABLE_MODULES = YES;
				CLANG_ENABLE_OBJC_ARC = YES;
				CLANG_ENABLE_OBJC_WEAK = YES;
				CLANG_WARN_BLOCK_CAPTURE_AUTORELEASING = YES;
				CLANG_WARN_BOOL_CONVERSION = YES;
				CLANG_WARN_COMMA = YES;
				CLANG_WARN_CONSTANT_CONVERSION = YES;
				CLANG_WARN_DEPRECATED_OBJC_IMPLEMENTATIONS = YES;
				CLANG_WARN_DIRECT_OBJC_ISA_USAGE = YES_ERROR;
				CLANG_WARN_DOCUMENTATION_COMMENTS = YES;
				CLANG_WARN_EMPTY_BODY = YES;
				CLANG_WARN_ENUM_CONVERSION = YES;
				CLANG_WARN_INFINITE_RECURSION = YES;
				CLANG_WARN_INT_CONVERSION = YES;
				CLANG_WARN_NON_LITERAL_NULL_CONVERSION = YES;
				CLANG_WARN_OBJC_IMPLICIT_RETAIN_SELF = YES;
				CLANG_WARN_OBJC_LITERAL_CONVERSION = YES;
				CLANG_WARN_OBJC_ROOT_CLASS = YES_ERROR;
				CLANG_WARN_RANGE_LOOP_ANALYSIS = YES;
				CLANG_WARN_STRICT_PROTOTYPES = YES;
				CLANG_WARN_SUSPICIOUS_MOVE = YES;
				CLANG_WARN_UNGUARDED_AVAILABILITY = YES_AGGRESSIVE;
				CLANG_WARN_UNREACHABLE_CODE = YES;
				CLANG_WARN__DUPLICATE_METHOD_MATCH = YES;
				COPY_PHASE_STRIP = NO;
				DEBUG_INFORMATION_FORMAT = "dwarf-with-dsym";
				ENABLE_NS_ASSERTIONS = NO;
				ENABLE_STRICT_OBJC_MSGSEND = YES;
				GCC_C_LANGUAGE_STANDARD = gnu11;
				GCC_NO_COMMON_BLOCKS = YES;
				GCC_WARN_64_TO_32_BIT_CONVERSION = YES;
				GCC_WARN_ABOUT_RETURN_TYPE = YES_ERROR;
				GCC_WARN_UNDECLARED_SELECTOR = YES;
				GCC_WARN_UNINITIALIZED_AUTOS = YES_AGGRESSIVE;
				GCC_WARN_UNUSED_FUNCTION = YES;
				GCC_WARN_UNUSED_VARIABLE = YES;
				IPHONEOS_DEPLOYMENT_TARGET = 13.5;
				MTL_ENABLE_DEBUG_INFO = NO;
				MTL_FAST_MATH = YES;
				SDKROOT = iphoneos;
				SWIFT_COMPILATION_MODE = wholemodule;
				SWIFT_OPTIMIZATION_LEVEL = "-O";
				VALIDATE_PRODUCT = YES;
			};
			name = Release;
		};
		495AAFA924C4DE33008FECFC /* Debug */ = {
			isa = XCBuildConfiguration;
			buildSettings = {
				ASSETCATALOG_COMPILER_APPICON_NAME = AppIcon;
				CODE_SIGN_STYLE = Automatic;
				DEVELOPMENT_TEAM = "";
				INFOPLIST_FILE = Scheduler/Info.plist;
				LD_RUNPATH_SEARCH_PATHS = (
					"$(inherited)",
					"@executable_path/Frameworks",
				);
				PRODUCT_BUNDLE_IDENTIFIER = MPCP.Scheduler;
				PRODUCT_NAME = "$(TARGET_NAME)";
				SWIFT_VERSION = 5.0;
				TARGETED_DEVICE_FAMILY = "1,2";
			};
			name = Debug;
		};
		495AAFAA24C4DE33008FECFC /* Release */ = {
			isa = XCBuildConfiguration;
			buildSettings = {
				ASSETCATALOG_COMPILER_APPICON_NAME = AppIcon;
				CODE_SIGN_STYLE = Automatic;
				DEVELOPMENT_TEAM = "";
				INFOPLIST_FILE = Scheduler/Info.plist;
				LD_RUNPATH_SEARCH_PATHS = (
					"$(inherited)",
					"@executable_path/Frameworks",
				);
				PRODUCT_BUNDLE_IDENTIFIER = MPCP.Scheduler;
				PRODUCT_NAME = "$(TARGET_NAME)";
				SWIFT_VERSION = 5.0;
				TARGETED_DEVICE_FAMILY = "1,2";
			};
			name = Release;
		};
/* End XCBuildConfiguration section */

/* Begin XCConfigurationList section */
		495AAF8C24C4DE2F008FECFC /* Build configuration list for PBXProject "Scheduler" */ = {
			isa = XCConfigurationList;
			buildConfigurations = (
				495AAFA624C4DE33008FECFC /* Debug */,
				495AAFA724C4DE33008FECFC /* Release */,
			);
			defaultConfigurationIsVisible = 0;
			defaultConfigurationName = Release;
		};
		495AAFA824C4DE33008FECFC /* Build configuration list for PBXNativeTarget "Scheduler" */ = {
			isa = XCConfigurationList;
			buildConfigurations = (
				495AAFA924C4DE33008FECFC /* Debug */,
				495AAFAA24C4DE33008FECFC /* Release */,
			);
			defaultConfigurationIsVisible = 0;
			defaultConfigurationName = Release;
		};
/* End XCConfigurationList section */

/* Begin XCVersionGroup section */
		495AAF9D24C4DE2F008FECFC /* Scheduler.xcdatamodeld */ = {
			isa = XCVersionGroup;
			children = (
				495AAF9E24C4DE2F008FECFC /* Scheduler.xcdatamodel */,
			);
			currentVersion = 495AAF9E24C4DE2F008FECFC /* Scheduler.xcdatamodel */;
			path = Scheduler.xcdatamodeld;
			sourceTree = "<group>";
			versionGroupType = wrapper.xcdatamodel;
		};
/* End XCVersionGroup section */
	};
	rootObject = 495AAF8924C4DE2F008FECFC /* Project object */;
}
